
Microsoft Visual Studio Solution File, Format Version 12.00
# Visual Studio 15
VisualStudioVersion = 15.0.28307.1321
MinimumVisualStudioVersion = 10.0.40219.1
Project("{FAE04EC0-301F-11D3-BF4B-00C04F79EFBC}") = "FunProject", "FunProject\FunProject.csproj", "{44F80AC7-ED4F-46B9-88FF-96F115C288E3}"
EndProject
Project("{FAE04EC0-301F-11D3-BF4B-00C04F79EFBC}") = "FunProject2", "FunProject2\FunProject2.csproj", "{1C4EDFDE-816A-40C5-AAEB-0FBF59B40A45}"
EndProject
Global
	GlobalSection(SolutionConfigurationPlatforms) = preSolution
		Debug|Any CPU = Debug|Any CPU
		Release|Any CPU = Release|Any CPU
	EndGlobalSection
	GlobalSection(ProjectConfigurationPlatforms) = postSolution
		{44F80AC7-ED4F-46B9-88FF-96F115C288E3}.Debug|Any CPU.ActiveCfg = Debug|Any CPU
		{44F80AC7-ED4F-46B9-88FF-96F115C288E3}.Debug|Any CPU.Build.0 = Debug|Any CPU
		{44F80AC7-ED4F-46B9-88FF-96F115C288E3}.Release|Any CPU.ActiveCfg = Release|Any CPU
		{44F80AC7-ED4F-46B9-88FF-96F115C288E3}.Release|Any CPU.Build.0 = Release|Any CPU
		{1C4EDFDE-816A-40C5-AAEB-0FBF59B40A45}.Debug|Any CPU.ActiveCfg = Debug|Any CPU
		{1C4EDFDE-816A-40C5-AAEB-0FBF59B40A45}.Debug|Any CPU.Build.0 = Debug|Any CPU
		{1C4EDFDE-816A-40C5-AAEB-0FBF59B40A45}.Release|Any CPU.ActiveCfg = Release|Any CPU
		{1C4EDFDE-816A-40C5-AAEB-0FBF59B40A45}.Release|Any CPU.Build.0 = Release|Any CPU
	EndGlobalSection
	GlobalSection(SolutionProperties) = preSolution
		HideSolutionNode = FALSE
	EndGlobalSection
	GlobalSection(ExtensibilityGlobals) = postSolution
		SolutionGuid = {06ECCA7D-7136-4FC1-BCFC-FC34F253ED69}
	EndGlobalSection
EndGlobal
